// !$*UTF8*$!
{
	archiveVersion = 1;
	classes = {
	};
	objectVersion = 46;
	objects = {

/* Begin PBXBuildFile section */
		C33B4FD01A4266AD00BA15E4 /* AppDelegate.swift in Sources */ = {isa = PBXBuildFile; fileRef = C33B4FCF1A4266AD00BA15E4 /* AppDelegate.swift */; };
		C33B4FD21A4266AD00BA15E4 /* ViewController.swift in Sources */ = {isa = PBXBuildFile; fileRef = C33B4FD11A4266AD00BA15E4 /* ViewController.swift */; };
		C33B4FD51A4266AD00BA15E4 /* Main.storyboard in Resources */ = {isa = PBXBuildFile; fileRef = C33B4FD31A4266AD00BA15E4 /* Main.storyboard */; };
		C33B4FD71A4266AD00BA15E4 /* Images.xcassets in Resources */ = {isa = PBXBuildFile; fileRef = C33B4FD61A4266AD00BA15E4 /* Images.xcassets */; };
		C33B4FDA1A4266AD00BA15E4 /* LaunchScreen.xib in Resources */ = {isa = PBXBuildFile; fileRef = C33B4FD81A4266AD00BA15E4 /* LaunchScreen.xib */; };
		C33B4FE61A4266AD00BA15E4 /* My_first_appTests.swift in Sources */ = {isa = PBXBuildFile; fileRef = C33B4FE51A4266AD00BA15E4 /* My_first_appTests.swift */; };
		C33B4FF01A426E5500BA15E4 /* kitten10.jpg in Resources */ = {isa = PBXBuildFile; fileRef = C33B4FEF1A426E5500BA15E4 /* kitten10.jpg */; };
/* End PBXBuildFile section */

/* Begin PBXContainerItemProxy section */
		C33B4FE01A4266AD00BA15E4 /* PBXContainerItemProxy */ = {
			isa = PBXContainerItemProxy;
			containerPortal = C33B4FC21A4266AD00BA15E4 /* Project object */;
			proxyType = 1;
			remoteGlobalIDString = C33B4FC91A4266AD00BA15E4;
			remoteInfo = "My first app";
		};
/* End PBXContainerItemProxy section */

/* Begin PBXFileReference section */
		C33B4FCA1A4266AD00BA15E4 /* My first app.app */ = {isa = PBXFileReference; explicitFileType = wrapper.application; includeInIndex = 0; path = "My first app.app"; sourceTree = BUILT_PRODUCTS_DIR; };
		C33B4FCE1A4266AD00BA15E4 /* Info.plist */ = {isa = PBXFileReference; lastKnownFileType = text.plist.xml; path = Info.plist; sourceTree = "<group>"; };
		C33B4FCF1A4266AD00BA15E4 /* AppDelegate.swift */ = {isa = PBXFileReference; lastKnownFileType = sourcecode.swift; path = AppDelegate.swift; sourceTree = "<group>"; };
		C33B4FD11A4266AD00BA15E4 /* ViewController.swift */ = {isa = PBXFileReference; lastKnownFileType = sourcecode.swift; path = ViewController.swift; sourceTree = "<group>"; };
		C33B4FD41A4266AD00BA15E4 /* Base */ = {isa = PBXFileReference; lastKnownFileType = file.storyboard; name = Base; path = Base.lproj/Main.storyboard; sourceTree = "<group>"; };
		C33B4FD61A4266AD00BA15E4 /* Images.xcassets */ = {isa = PBXFileReference; lastKnownFileType = folder.assetcatalog; path = Images.xcassets; sourceTree = "<group>"; };
		C33B4FD91A4266AD00BA15E4 /* Base */ = {isa = PBXFileReference; lastKnownFileType = file.xib; name = Base; path = Base.lproj/LaunchScreen.xib; sourceTree = "<group>"; };
		C33B4FDF1A4266AD00BA15E4 /* My first appTests.xctest */ = {isa = PBXFileReference; explicitFileType = wrapper.cfbundle; includeInIndex = 0; path = "My first appTests.xctest"; sourceTree = BUILT_PRODUCTS_DIR; };
		C33B4FE41A4266AD00BA15E4 /* Info.plist */ = {isa = PBXFileReference; lastKnownFileType = text.plist.xml; path = Info.plist; sourceTree = "<group>"; };
		C33B4FE51A4266AD00BA15E4 /* My_first_appTests.swift */ = {isa = PBXFileReference; lastKnownFileType = sourcecode.swift; path = My_first_appTests.swift; sourceTree = "<group>"; };
		C33B4FEF1A426E5500BA15E4 /* kitten10.jpg */ = {isa = PBXFileReference; lastKnownFileType = image.jpeg; path = kitten10.jpg; sourceTree = "<group>"; };
/* End PBXFileReference section */

/* Begin PBXFrameworksBuildPhase section */
		C33B4FC71A4266AD00BA15E4 /* Frameworks */ = {
			isa = PBXFrameworksBuildPhase;
			buildActionMask = 2147483647;
			files = (
			);
			runOnlyForDeploymentPostprocessing = 0;
		};
		C33B4FDC1A4266AD00BA15E4 /* Frameworks */ = {
			isa = PBXFrameworksBuildPhase;
			buildActionMask = 2147483647;
			files = (
			);
			runOnlyForDeploymentPostprocessing = 0;
		};
/* End PBXFrameworksBuildPhase section */

/* Begin PBXGroup section */
		C33B4FC11A4266AD00BA15E4 = {
			isa = PBXGroup;
			children = (
				C33B4FCC1A4266AD00BA15E4 /* My first app */,
				C33B4FE21A4266AD00BA15E4 /* My first appTests */,
				C33B4FCB1A4266AD00BA15E4 /* Products */,
			);
			sourceTree = "<group>";
		};
		C33B4FCB1A4266AD00BA15E4 /* Products */ = {
			isa = PBXGroup;
			children = (
				C33B4FCA1A4266AD00BA15E4 /* My first app.app */,
				C33B4FDF1A4266AD00BA15E4 /* My first appTests.xctest */,
			);
			name = Products;
			sourceTree = "<group>";
		};
		C33B4FCC1A4266AD00BA15E4 /* My first app */ = {
			isa = PBXGroup;
			children = (
				C33B4FCF1A4266AD00BA15E4 /* AppDelegate.swift */,
				C33B4FD11A4266AD00BA15E4 /* ViewController.swift */,
				C33B4FD31A4266AD00BA15E4 /* Main.storyboard */,
				C33B4FEF1A426E5500BA15E4 /* kitten10.jpg */,
				C33B4FD61A4266AD00BA15E4 /* Images.xcassets */,
				C33B4FD81A4266AD00BA15E4 /* LaunchScreen.xib */,
				C33B4FCD1A4266AD00BA15E4 /* Supporting Files */,
			);
			path = "My first app";
			sourceTree = "<group>";
		};
		C33B4FCD1A4266AD00BA15E4 /* Supporting Files */ = {
			isa = PBXGroup;
			children = (
				C33B4FCE1A4266AD00BA15E4 /* Info.plist */,
			);
			name = "Supporting Files";
			sourceTree = "<group>";
		};
		C33B4FE21A4266AD00BA15E4 /* My first appTests */ = {
			isa = PBXGroup;
			children = (
				C33B4FE51A4266AD00BA15E4 /* My_first_appTests.swift */,
				C33B4FE31A4266AD00BA15E4 /* Supporting Files */,
			);
			path = "My first appTests";
			sourceTree = "<group>";
		};
		C33B4FE31A4266AD00BA15E4 /* Supporting Files */ = {
			isa = PBXGroup;
			children = (
				C33B4FE41A4266AD00BA15E4 /* Info.plist */,
			);
			name = "Supporting Files";
			sourceTree = "<group>";
		};
/* End PBXGroup section */

/* Begin PBXNativeTarget section */
		C33B4FC91A4266AD00BA15E4 /* My first app */ = {
			isa = PBXNativeTarget;
			buildConfigurationList = C33B4FE91A4266AD00BA15E4 /* Build configuration list for PBXNativeTarget "My first app" */;
			buildPhases = (
				C33B4FC61A4266AD00BA15E4 /* Sources */,
				C33B4FC71A4266AD00BA15E4 /* Frameworks */,
				C33B4FC81A4266AD00BA15E4 /* Resources */,
			);
			buildRules = (
			);
			dependencies = (
			);
			name = "My first app";
			productName = "My first app";
			productReference = C33B4FCA1A4266AD00BA15E4 /* My first app.app */;
			productType = "com.apple.product-type.application";
		};
		C33B4FDE1A4266AD00BA15E4 /* My first appTests */ = {
			isa = PBXNativeTarget;
			buildConfigurationList = C33B4FEC1A4266AD00BA15E4 /* Build configuration list for PBXNativeTarget "My first appTests" */;
			buildPhases = (
				C33B4FDB1A4266AD00BA15E4 /* Sources */,
				C33B4FDC1A4266AD00BA15E4 /* Frameworks */,
				C33B4FDD1A4266AD00BA15E4 /* Resources */,
			);
			buildRules = (
			);
			dependencies = (
				C33B4FE11A4266AD00BA15E4 /* PBXTargetDependency */,
			);
			name = "My first appTests";
			productName = "My first appTests";
			productReference = C33B4FDF1A4266AD00BA15E4 /* My first appTests.xctest */;
			productType = "com.apple.product-type.bundle.unit-test";
		};
/* End PBXNativeTarget section */

/* Begin PBXProject section */
		C33B4FC21A4266AD00BA15E4 /* Project object */ = {
			isa = PBXProject;
			attributes = {
				LastUpgradeCheck = 0610;
				ORGANIZATIONNAME = "Tim Gillons";
				TargetAttributes = {
					C33B4FC91A4266AD00BA15E4 = {
						CreatedOnToolsVersion = 6.1.1;
					};
					C33B4FDE1A4266AD00BA15E4 = {
						CreatedOnToolsVersion = 6.1.1;
						TestTargetID = C33B4FC91A4266AD00BA15E4;
					};
				};
			};
			buildConfigurationList = C33B4FC51A4266AD00BA15E4 /* Build configuration list for PBXProject "My first app" */;
			compatibilityVersion = "Xcode 3.2";
			developmentRegion = English;
			hasScannedForEncodings = 0;
			knownRegions = (
				en,
				Base,
			);
			mainGroup = C33B4FC11A4266AD00BA15E4;
			productRefGroup = C33B4FCB1A4266AD00BA15E4 /* Products */;
			projectDirPath = "";
			projectRoot = "";
			targets = (
				C33B4FC91A4266AD00BA15E4 /* My first app */,
				C33B4FDE1A4266AD00BA15E4 /* My first appTests */,
			);
		};
/* End PBXProject section */

/* Begin PBXResourcesBuildPhase section */
		C33B4FC81A4266AD00BA15E4 /* Resources */ = {
			isa = PBXResourcesBuildPhase;
			buildActionMask = 2147483647;
			files = (
				C33B4FD51A4266AD00BA15E4 /* Main.storyboard in Resources */,
				C33B4FDA1A4266AD00BA15E4 /* LaunchScreen.xib in Resources */,
				C33B4FD71A4266AD00BA15E4 /* Images.xcassets in Resources */,
				C33B4FF01A426E5500BA15E4 /* kitten10.jpg in Resources */,
			);
			runOnlyForDeploymentPostprocessing = 0;
		};
		C33B4FDD1A4266AD00BA15E4 /* Resources */ = {
			isa = PBXResourcesBuildPhase;
			buildActionMask = 2147483647;
			files = (
			);
			runOnlyForDeploymentPostprocessing = 0;
		};
/* End PBXResourcesBuildPhase section */

/* Begin PBXSourcesBuildPhase section */
		C33B4FC61A4266AD00BA15E4 /* Sources */ = {
			isa = PBXSourcesBuildPhase;
			buildActionMask = 2147483647;
			files = (
				C33B4FD21A4266AD00BA15E4 /* ViewController.swift in Sources */,
				C33B4FD01A4266AD00BA15E4 /* AppDelegate.swift in Sources */,
			);
			runOnlyForDeploymentPostprocessing = 0;
		};
		C33B4FDB1A4266AD00BA15E4 /* Sources */ = {
			isa = PBXSourcesBuildPhase;
			buildActionMask = 2147483647;
			files = (
				C33B4FE61A4266AD00BA15E4 /* My_first_appTests.swift in Sources */,
			);
			runOnlyForDeploymentPostprocessing = 0;
		};
/* End PBXSourcesBuildPhase section */

/* Begin PBXTargetDependency section */
		C33B4FE11A4266AD00BA15E4 /* PBXTargetDependency */ = {
			isa = PBXTargetDependency;
			target = C33B4FC91A4266AD00BA15E4 /* My first app */;
			targetProxy = C33B4FE01A4266AD00BA15E4 /* PBXContainerItemProxy */;
		};
/* End PBXTargetDependency section */

/* Begin PBXVariantGroup section */
		C33B4FD31A4266AD00BA15E4 /* Main.storyboard */ = {
			isa = PBXVariantGroup;
			children = (
				C33B4FD41A4266AD00BA15E4 /* Base */,
			);
			name = Main.storyboard;
			sourceTree = "<group>";
		};
		C33B4FD81A4266AD00BA15E4 /* LaunchScreen.xib */ = {
			isa = PBXVariantGroup;
			children = (
				C33B4FD91A4266AD00BA15E4 /* Base */,
			);
			name = LaunchScreen.xib;
			sourceTree = "<group>";
		};
/* End PBXVariantGroup section */

/* Begin XCBuildConfiguration section */
		C33B4FE71A4266AD00BA15E4 /* Debug */ = {
			isa = XCBuildConfiguration;
			buildSettings = {
				ALWAYS_SEARCH_USER_PATHS = NO;
				CLANG_CXX_LANGUAGE_STANDARD = "gnu++0x";
				CLANG_CXX_LIBRARY = "libc++";
				CLANG_ENABLE_MODULES = YES;
				CLANG_ENABLE_OBJC_ARC = YES;
				CLANG_WARN_BOOL_CONVERSION = YES;
				CLANG_WARN_CONSTANT_CONVERSION = YES;
				CLANG_WARN_DIRECT_OBJC_ISA_USAGE = YES_ERROR;
				CLANG_WARN_EMPTY_BODY = YES;
				CLANG_WARN_ENUM_CONVERSION = YES;
				CLANG_WARN_INT_CONVERSION = YES;
				CLANG_WARN_OBJC_ROOT_CLASS = YES_ERROR;
				CLANG_WARN_UNREACHABLE_CODE = YES;
				CLANG_WARN__DUPLICATE_METHOD_MATCH = YES;
				"CODE_SIGN_IDENTITY[sdk=iphoneos*]" = "iPhone Developer";
				COPY_PHASE_STRIP = NO;
				ENABLE_STRICT_OBJC_MSGSEND = YES;
				GCC_C_LANGUAGE_STANDARD = gnu99;
				GCC_DYNAMIC_NO_PIC = NO;
				GCC_OPTIMIZATION_LEVEL = 0;
				GCC_PREPROCESSOR_DEFINITIONS = (
					"DEBUG=1",
					"$(inherited)",
				);
				GCC_SYMBOLS_PRIVATE_EXTERN = NO;
				GCC_WARN_64_TO_32_BIT_CONVERSION = YES;
				GCC_WARN_ABOUT_RETURN_TYPE = YES_ERROR;
				GCC_WARN_UNDECLARED_SELECTOR = YES;
				GCC_WARN_UNINITIALIZED_AUTOS = YES_AGGRESSIVE;
				GCC_WARN_UNUSED_FUNCTION = YES;
				GCC_WARN_UNUSED_VARIABLE = YES;
				IPHONEOS_DEPLOYMENT_TARGET = 8.1;
				MTL_ENABLE_DEBUG_INFO = YES;
				ONLY_ACTIVE_ARCH = YES;
				SDKROOT = iphoneos;
				SWIFT_OPTIMIZATION_LEVEL = "-Onone";
				TARGETED_DEVICE_FAMILY = "1,2";
			};
			name = Debug;
		};
		C33B4FE81A4266AD00BA15E4 /* Release */ = {
			isa = XCBuildConfiguration;
			buildSettings = {
				ALWAYS_SEARCH_USER_PATHS = NO;
				CLANG_CXX_LANGUAGE_STANDARD = "gnu++0x";
				CLANG_CXX_LIBRARY = "libc++";
				CLANG_ENABLE_MODULES = YES;
				CLANG_ENABLE_OBJC_ARC = YES;
				CLANG_WARN_BOOL_CONVERSION = YES;
				CLANG_WARN_CONSTANT_CONVERSION = YES;
				CLANG_WARN_DIRECT_OBJC_ISA_USAGE = YES_ERROR;
				CLANG_WARN_EMPTY_BODY = YES;
				CLANG_WARN_ENUM_CONVERSION = YES;
				CLANG_WARN_INT_CONVERSION = YES;
				CLANG_WARN_OBJC_ROOT_CLASS = YES_ERROR;
				CLANG_WARN_UNREACHABLE_CODE = YES;
				CLANG_WARN__DUPLICATE_METHOD_MATCH = YES;
				"CODE_SIGN_IDENTITY[sdk=iphoneos*]" = "iPhone Developer";
				COPY_PHASE_STRIP = YES;
				ENABLE_NS_ASSERTIONS = NO;
				ENABLE_STRICT_OBJC_MSGSEND = YES;
				GCC_C_LANGUAGE_STANDARD = gnu99;
				GCC_WARN_64_TO_32_BIT_CONVERSION = YES;
				GCC_WARN_ABOUT_RETURN_TYPE = YES_ERROR;
				GCC_WARN_UNDECLARED_SELECTOR = YES;
				GCC_WARN_UNINITIALIZED_AUTOS = YES_AGGRESSIVE;
				GCC_WARN_UNUSED_FUNCTION = YES;
				GCC_WARN_UNUSED_VARIABLE = YES;
				IPHONEOS_DEPLOYMENT_TARGET = 8.1;
				MTL_ENABLE_DEBUG_INFO = NO;
				SDKROOT = iphoneos;
				TARGETED_DEVICE_FAMILY = "1,2";
				VALIDATE_PRODUCT = YES;
			};
			name = Release;
		};
		C33B4FEA1A4266AD00BA15E4 /* Debug */ = {
			isa = XCBuildConfiguration;
			buildSettings = {
				ASSETCATALOG_COMPILER_APPICON_NAME = AppIcon;
				CODE_SIGN_IDENTITY = "iPhone Developer";
				INFOPLIST_FILE = "My first app/Info.plist";
				LD_RUNPATH_SEARCH_PATHS = "$(inherited) @executable_path/Frameworks";
				PRODUCT_NAME = "$(TARGET_NAME)";
			};
			name = Debug;
		};
		C33B4FEB1A4266AD00BA15E4 /* Release */ = {
			isa = XCBuildConfiguration;
			buildSettings = {
				ASSETCATALOG_COMPILER_APPICON_NAME = AppIcon;
				CODE_SIGN_IDENTITY = "iPhone Developer";
				INFOPLIST_FILE = "My first app/Info.plist";
				LD_RUNPATH_SEARCH_PATHS = "$(inherited) @executable_path/Frameworks";
				PRODUCT_NAME = "$(TARGET_NAME)";
			};
			name = Release;
		};
		C33B4FED1A4266AD00BA15E4 /* Debug */ = {
			isa = XCBuildConfiguration;
			buildSettings = {
				BUNDLE_LOADER = "$(TEST_HOST)";
				FRAMEWORK_SEARCH_PATHS = (
					"$(SDKROOT)/Developer/Library/Frameworks",
					"$(inherited)",
				);
				GCC_PREPROCESSOR_DEFINITIONS = (
					"DEBUG=1",
					"$(inherited)",
				);
				INFOPLIST_FILE = "My first appTests/Info.plist";
				LD_RUNPATH_SEARCH_PATHS = "$(inherited) @executable_path/Frameworks @loader_path/Frameworks";
				PRODUCT_NAME = "$(TARGET_NAME)";
				TEST_HOST = "$(BUILT_PRODUCTS_DIR)/My first app.app/My first app";
			};
			name = Debug;
		};
		C33B4FEE1A4266AD00BA15E4 /* Release */ = {
			isa = XCBuildConfiguration;
			buildSettings = {
				BUNDLE_LOADER = "$(TEST_HOST)";
				FRAMEWORK_SEARCH_PATHS = (
					"$(SDKROOT)/Developer/Library/Frameworks",
					"$(inherited)",
				);
				INFOPLIST_FILE = "My first appTests/Info.plist";
				LD_RUNPATH_SEARCH_PATHS = "$(inherited) @executable_path/Frameworks @loader_path/Frameworks";
				PRODUCT_NAME = "$(TARGET_NAME)";
				TEST_HOST = "$(BUILT_PRODUCTS_DIR)/My first app.app/My first app";
			};
			name = Release;
		};
/* End XCBuildConfiguration section */

/* Begin XCConfigurationList section */
		C33B4FC51A4266AD00BA15E4 /* Build configuration list for PBXProject "My first app" */ = {
			isa = XCConfigurationList;
			buildConfigurations = (
				C33B4FE71A4266AD00BA15E4 /* Debug */,
				C33B4FE81A4266AD00BA15E4 /* Release */,
			);
			defaultConfigurationIsVisible = 0;
			defaultConfigurationName = Release;
		};
		C33B4FE91A4266AD00BA15E4 /* Build configuration list for PBXNativeTarget "My first app" */ = {
			isa = XCConfigurationList;
			buildConfigurations = (
				C33B4FEA1A4266AD00BA15E4 /* Debug */,
				C33B4FEB1A4266AD00BA15E4 /* Release */,
			);
			defaultConfigurationIsVisible = 0;
		};
		C33B4FEC1A4266AD00BA15E4 /* Build configuration list for PBXNativeTarget "My first appTests" */ = {
			isa = XCConfigurationList;
			buildConfigurations = (
				C33B4FED1A4266AD00BA15E4 /* Debug */,
				C33B4FEE1A4266AD00BA15E4 /* Release */,
			);
			defaultConfigurationIsVisible = 0;
		};
/* End XCConfigurationList section */
	};
	rootObject = C33B4FC21A4266AD00BA15E4 /* Project object */;
}
