// !$*UTF8*$!
{
	archiveVersion = 1;
	classes = {
	};
	objectVersion = 46;
	objects = {

/* Begin PBXBuildFile section */
		C33B50001A42708A00BA15E4 /* AppDelegate.swift in Sources */ = {isa = PBXBuildFile; fileRef = C33B4FFF1A42708A00BA15E4 /* AppDelegate.swift */; };
		C33B50021A42708A00BA15E4 /* ViewController.swift in Sources */ = {isa = PBXBuildFile; fileRef = C33B50011A42708A00BA15E4 /* ViewController.swift */; };
		C33B50051A42708A00BA15E4 /* Main.storyboard in Resources */ = {isa = PBXBuildFile; fileRef = C33B50031A42708A00BA15E4 /* Main.storyboard */; };
		C33B50071A42708A00BA15E4 /* Images.xcassets in Resources */ = {isa = PBXBuildFile; fileRef = C33B50061A42708A00BA15E4 /* Images.xcassets */; };
		C33B500A1A42708A00BA15E4 /* LaunchScreen.xib in Resources */ = {isa = PBXBuildFile; fileRef = C33B50081A42708A00BA15E4 /* LaunchScreen.xib */; };
		C33B50161A42708A00BA15E4 /* Second_ProjectTests.swift in Sources */ = {isa = PBXBuildFile; fileRef = C33B50151A42708A00BA15E4 /* Second_ProjectTests.swift */; };
		C33B50201A4272E200BA15E4 /* eyeintim_logo.png in Resources */ = {isa = PBXBuildFile; fileRef = C33B501F1A4272E200BA15E4 /* eyeintim_logo.png */; };
/* End PBXBuildFile section */

/* Begin PBXContainerItemProxy section */
		C33B50101A42708A00BA15E4 /* PBXContainerItemProxy */ = {
			isa = PBXContainerItemProxy;
			containerPortal = C33B4FF21A42708A00BA15E4 /* Project object */;
			proxyType = 1;
			remoteGlobalIDString = C33B4FF91A42708A00BA15E4;
			remoteInfo = "Second Project";
		};
/* End PBXContainerItemProxy section */

/* Begin PBXFileReference section */
		C33B4FFA1A42708A00BA15E4 /* Second Project.app */ = {isa = PBXFileReference; explicitFileType = wrapper.application; includeInIndex = 0; path = "Second Project.app"; sourceTree = BUILT_PRODUCTS_DIR; };
		C33B4FFE1A42708A00BA15E4 /* Info.plist */ = {isa = PBXFileReference; lastKnownFileType = text.plist.xml; path = Info.plist; sourceTree = "<group>"; };
		C33B4FFF1A42708A00BA15E4 /* AppDelegate.swift */ = {isa = PBXFileReference; lastKnownFileType = sourcecode.swift; path = AppDelegate.swift; sourceTree = "<group>"; };
		C33B50011A42708A00BA15E4 /* ViewController.swift */ = {isa = PBXFileReference; lastKnownFileType = sourcecode.swift; path = ViewController.swift; sourceTree = "<group>"; };
		C33B50041A42708A00BA15E4 /* Base */ = {isa = PBXFileReference; lastKnownFileType = file.storyboard; name = Base; path = Base.lproj/Main.storyboard; sourceTree = "<group>"; };
		C33B50061A42708A00BA15E4 /* Images.xcassets */ = {isa = PBXFileReference; lastKnownFileType = folder.assetcatalog; path = Images.xcassets; sourceTree = "<group>"; };
		C33B50091A42708A00BA15E4 /* Base */ = {isa = PBXFileReference; lastKnownFileType = file.xib; name = Base; path = Base.lproj/LaunchScreen.xib; sourceTree = "<group>"; };
		C33B500F1A42708A00BA15E4 /* Second ProjectTests.xctest */ = {isa = PBXFileReference; explicitFileType = wrapper.cfbundle; includeInIndex = 0; path = "Second ProjectTests.xctest"; sourceTree = BUILT_PRODUCTS_DIR; };
		C33B50141A42708A00BA15E4 /* Info.plist */ = {isa = PBXFileReference; lastKnownFileType = text.plist.xml; path = Info.plist; sourceTree = "<group>"; };
		C33B50151A42708A00BA15E4 /* Second_ProjectTests.swift */ = {isa = PBXFileReference; lastKnownFileType = sourcecode.swift; path = Second_ProjectTests.swift; sourceTree = "<group>"; };
		C33B501F1A4272E200BA15E4 /* eyeintim_logo.png */ = {isa = PBXFileReference; lastKnownFileType = image.png; path = eyeintim_logo.png; sourceTree = "<group>"; };
/* End PBXFileReference section */

/* Begin PBXFrameworksBuildPhase section */
		C33B4FF71A42708A00BA15E4 /* Frameworks */ = {
			isa = PBXFrameworksBuildPhase;
			buildActionMask = 2147483647;
			files = (
			);
			runOnlyForDeploymentPostprocessing = 0;
		};
		C33B500C1A42708A00BA15E4 /* Frameworks */ = {
			isa = PBXFrameworksBuildPhase;
			buildActionMask = 2147483647;
			files = (
			);
			runOnlyForDeploymentPostprocessing = 0;
		};
/* End PBXFrameworksBuildPhase section */

/* Begin PBXGroup section */
		C33B4FF11A42708A00BA15E4 = {
			isa = PBXGroup;
			children = (
				C33B4FFC1A42708A00BA15E4 /* Second Project */,
				C33B50121A42708A00BA15E4 /* Second ProjectTests */,
				C33B4FFB1A42708A00BA15E4 /* Products */,
			);
			sourceTree = "<group>";
		};
		C33B4FFB1A42708A00BA15E4 /* Products */ = {
			isa = PBXGroup;
			children = (
				C33B4FFA1A42708A00BA15E4 /* Second Project.app */,
				C33B500F1A42708A00BA15E4 /* Second ProjectTests.xctest */,
			);
			name = Products;
			sourceTree = "<group>";
		};
		C33B4FFC1A42708A00BA15E4 /* Second Project */ = {
			isa = PBXGroup;
			children = (
				C33B4FFF1A42708A00BA15E4 /* AppDelegate.swift */,
				C33B50011A42708A00BA15E4 /* ViewController.swift */,
				C33B501F1A4272E200BA15E4 /* eyeintim_logo.png */,
				C33B50031A42708A00BA15E4 /* Main.storyboard */,
				C33B50061A42708A00BA15E4 /* Images.xcassets */,
				C33B50081A42708A00BA15E4 /* LaunchScreen.xib */,
				C33B4FFD1A42708A00BA15E4 /* Supporting Files */,
			);
			path = "Second Project";
			sourceTree = "<group>";
		};
		C33B4FFD1A42708A00BA15E4 /* Supporting Files */ = {
			isa = PBXGroup;
			children = (
				C33B4FFE1A42708A00BA15E4 /* Info.plist */,
			);
			name = "Supporting Files";
			sourceTree = "<group>";
		};
		C33B50121A42708A00BA15E4 /* Second ProjectTests */ = {
			isa = PBXGroup;
			children = (
				C33B50151A42708A00BA15E4 /* Second_ProjectTests.swift */,
				C33B50131A42708A00BA15E4 /* Supporting Files */,
			);
			path = "Second ProjectTests";
			sourceTree = "<group>";
		};
		C33B50131A42708A00BA15E4 /* Supporting Files */ = {
			isa = PBXGroup;
			children = (
				C33B50141A42708A00BA15E4 /* Info.plist */,
			);
			name = "Supporting Files";
			sourceTree = "<group>";
		};
/* End PBXGroup section */

/* Begin PBXNativeTarget section */
		C33B4FF91A42708A00BA15E4 /* Second Project */ = {
			isa = PBXNativeTarget;
			buildConfigurationList = C33B50191A42708A00BA15E4 /* Build configuration list for PBXNativeTarget "Second Project" */;
			buildPhases = (
				C33B4FF61A42708A00BA15E4 /* Sources */,
				C33B4FF71A42708A00BA15E4 /* Frameworks */,
				C33B4FF81A42708A00BA15E4 /* Resources */,
			);
			buildRules = (
			);
			dependencies = (
			);
			name = "Second Project";
			productName = "Second Project";
			productReference = C33B4FFA1A42708A00BA15E4 /* Second Project.app */;
			productType = "com.apple.product-type.application";
		};
		C33B500E1A42708A00BA15E4 /* Second ProjectTests */ = {
			isa = PBXNativeTarget;
			buildConfigurationList = C33B501C1A42708A00BA15E4 /* Build configuration list for PBXNativeTarget "Second ProjectTests" */;
			buildPhases = (
				C33B500B1A42708A00BA15E4 /* Sources */,
				C33B500C1A42708A00BA15E4 /* Frameworks */,
				C33B500D1A42708A00BA15E4 /* Resources */,
			);
			buildRules = (
			);
			dependencies = (
				C33B50111A42708A00BA15E4 /* PBXTargetDependency */,
			);
			name = "Second ProjectTests";
			productName = "Second ProjectTests";
			productReference = C33B500F1A42708A00BA15E4 /* Second ProjectTests.xctest */;
			productType = "com.apple.product-type.bundle.unit-test";
		};
/* End PBXNativeTarget section */

/* Begin PBXProject section */
		C33B4FF21A42708A00BA15E4 /* Project object */ = {
			isa = PBXProject;
			attributes = {
				LastUpgradeCheck = 0610;
				ORGANIZATIONNAME = "Tim Gillons";
				TargetAttributes = {
					C33B4FF91A42708A00BA15E4 = {
						CreatedOnToolsVersion = 6.1.1;
					};
					C33B500E1A42708A00BA15E4 = {
						CreatedOnToolsVersion = 6.1.1;
						TestTargetID = C33B4FF91A42708A00BA15E4;
					};
				};
			};
			buildConfigurationList = C33B4FF51A42708A00BA15E4 /* Build configuration list for PBXProject "Second Project" */;
			compatibilityVersion = "Xcode 3.2";
			developmentRegion = English;
			hasScannedForEncodings = 0;
			knownRegions = (
				en,
				Base,
			);
			mainGroup = C33B4FF11A42708A00BA15E4;
			productRefGroup = C33B4FFB1A42708A00BA15E4 /* Products */;
			projectDirPath = "";
			projectRoot = "";
			targets = (
				C33B4FF91A42708A00BA15E4 /* Second Project */,
				C33B500E1A42708A00BA15E4 /* Second ProjectTests */,
			);
		};
/* End PBXProject section */

/* Begin PBXResourcesBuildPhase section */
		C33B4FF81A42708A00BA15E4 /* Resources */ = {
			isa = PBXResourcesBuildPhase;
			buildActionMask = 2147483647;
			files = (
				C33B50201A4272E200BA15E4 /* eyeintim_logo.png in Resources */,
				C33B50051A42708A00BA15E4 /* Main.storyboard in Resources */,
				C33B500A1A42708A00BA15E4 /* LaunchScreen.xib in Resources */,
				C33B50071A42708A00BA15E4 /* Images.xcassets in Resources */,
			);
			runOnlyForDeploymentPostprocessing = 0;
		};
		C33B500D1A42708A00BA15E4 /* Resources */ = {
			isa = PBXResourcesBuildPhase;
			buildActionMask = 2147483647;
			files = (
			);
			runOnlyForDeploymentPostprocessing = 0;
		};
/* End PBXResourcesBuildPhase section */

/* Begin PBXSourcesBuildPhase section */
		C33B4FF61A42708A00BA15E4 /* Sources */ = {
			isa = PBXSourcesBuildPhase;
			buildActionMask = 2147483647;
			files = (
				C33B50021A42708A00BA15E4 /* ViewController.swift in Sources */,
				C33B50001A42708A00BA15E4 /* AppDelegate.swift in Sources */,
			);
			runOnlyForDeploymentPostprocessing = 0;
		};
		C33B500B1A42708A00BA15E4 /* Sources */ = {
			isa = PBXSourcesBuildPhase;
			buildActionMask = 2147483647;
			files = (
				C33B50161A42708A00BA15E4 /* Second_ProjectTests.swift in Sources */,
			);
			runOnlyForDeploymentPostprocessing = 0;
		};
/* End PBXSourcesBuildPhase section */

/* Begin PBXTargetDependency section */
		C33B50111A42708A00BA15E4 /* PBXTargetDependency */ = {
			isa = PBXTargetDependency;
			target = C33B4FF91A42708A00BA15E4 /* Second Project */;
			targetProxy = C33B50101A42708A00BA15E4 /* PBXContainerItemProxy */;
		};
/* End PBXTargetDependency section */

/* Begin PBXVariantGroup section */
		C33B50031A42708A00BA15E4 /* Main.storyboard */ = {
			isa = PBXVariantGroup;
			children = (
				C33B50041A42708A00BA15E4 /* Base */,
			);
			name = Main.storyboard;
			sourceTree = "<group>";
		};
		C33B50081A42708A00BA15E4 /* LaunchScreen.xib */ = {
			isa = PBXVariantGroup;
			children = (
				C33B50091A42708A00BA15E4 /* Base */,
			);
			name = LaunchScreen.xib;
			sourceTree = "<group>";
		};
/* End PBXVariantGroup section */

/* Begin XCBuildConfiguration section */
		C33B50171A42708A00BA15E4 /* Debug */ = {
			isa = XCBuildConfiguration;
			buildSettings = {
				ALWAYS_SEARCH_USER_PATHS = NO;
				CLANG_CXX_LANGUAGE_STANDARD = "gnu++0x";
				CLANG_CXX_LIBRARY = "libc++";
				CLANG_ENABLE_MODULES = YES;
				CLANG_ENABLE_OBJC_ARC = YES;
				CLANG_WARN_BOOL_CONVERSION = YES;
				CLANG_WARN_CONSTANT_CONVERSION = YES;
				CLANG_WARN_DIRECT_OBJC_ISA_USAGE = YES_ERROR;
				CLANG_WARN_EMPTY_BODY = YES;
				CLANG_WARN_ENUM_CONVERSION = YES;
				CLANG_WARN_INT_CONVERSION = YES;
				CLANG_WARN_OBJC_ROOT_CLASS = YES_ERROR;
				CLANG_WARN_UNREACHABLE_CODE = YES;
				CLANG_WARN__DUPLICATE_METHOD_MATCH = YES;
				"CODE_SIGN_IDENTITY[sdk=iphoneos*]" = "iPhone Developer";
				COPY_PHASE_STRIP = NO;
				ENABLE_STRICT_OBJC_MSGSEND = YES;
				GCC_C_LANGUAGE_STANDARD = gnu99;
				GCC_DYNAMIC_NO_PIC = NO;
				GCC_OPTIMIZATION_LEVEL = 0;
				GCC_PREPROCESSOR_DEFINITIONS = (
					"DEBUG=1",
					"$(inherited)",
				);
				GCC_SYMBOLS_PRIVATE_EXTERN = NO;
				GCC_WARN_64_TO_32_BIT_CONVERSION = YES;
				GCC_WARN_ABOUT_RETURN_TYPE = YES_ERROR;
				GCC_WARN_UNDECLARED_SELECTOR = YES;
				GCC_WARN_UNINITIALIZED_AUTOS = YES_AGGRESSIVE;
				GCC_WARN_UNUSED_FUNCTION = YES;
				GCC_WARN_UNUSED_VARIABLE = YES;
				IPHONEOS_DEPLOYMENT_TARGET = 8.1;
				MTL_ENABLE_DEBUG_INFO = YES;
				ONLY_ACTIVE_ARCH = YES;
				SDKROOT = iphoneos;
				SWIFT_OPTIMIZATION_LEVEL = "-Onone";
				TARGETED_DEVICE_FAMILY = "1,2";
			};
			name = Debug;
		};
		C33B50181A42708A00BA15E4 /* Release */ = {
			isa = XCBuildConfiguration;
			buildSettings = {
				ALWAYS_SEARCH_USER_PATHS = NO;
				CLANG_CXX_LANGUAGE_STANDARD = "gnu++0x";
				CLANG_CXX_LIBRARY = "libc++";
				CLANG_ENABLE_MODULES = YES;
				CLANG_ENABLE_OBJC_ARC = YES;
				CLANG_WARN_BOOL_CONVERSION = YES;
				CLANG_WARN_CONSTANT_CONVERSION = YES;
				CLANG_WARN_DIRECT_OBJC_ISA_USAGE = YES_ERROR;
				CLANG_WARN_EMPTY_BODY = YES;
				CLANG_WARN_ENUM_CONVERSION = YES;
				CLANG_WARN_INT_CONVERSION = YES;
				CLANG_WARN_OBJC_ROOT_CLASS = YES_ERROR;
				CLANG_WARN_UNREACHABLE_CODE = YES;
				CLANG_WARN__DUPLICATE_METHOD_MATCH = YES;
				"CODE_SIGN_IDENTITY[sdk=iphoneos*]" = "iPhone Developer";
				COPY_PHASE_STRIP = YES;
				ENABLE_NS_ASSERTIONS = NO;
				ENABLE_STRICT_OBJC_MSGSEND = YES;
				GCC_C_LANGUAGE_STANDARD = gnu99;
				GCC_WARN_64_TO_32_BIT_CONVERSION = YES;
				GCC_WARN_ABOUT_RETURN_TYPE = YES_ERROR;
				GCC_WARN_UNDECLARED_SELECTOR = YES;
				GCC_WARN_UNINITIALIZED_AUTOS = YES_AGGRESSIVE;
				GCC_WARN_UNUSED_FUNCTION = YES;
				GCC_WARN_UNUSED_VARIABLE = YES;
				IPHONEOS_DEPLOYMENT_TARGET = 8.1;
				MTL_ENABLE_DEBUG_INFO = NO;
				SDKROOT = iphoneos;
				TARGETED_DEVICE_FAMILY = "1,2";
				VALIDATE_PRODUCT = YES;
			};
			name = Release;
		};
		C33B501A1A42708A00BA15E4 /* Debug */ = {
			isa = XCBuildConfiguration;
			buildSettings = {
				ASSETCATALOG_COMPILER_APPICON_NAME = AppIcon;
				INFOPLIST_FILE = "Second Project/Info.plist";
				LD_RUNPATH_SEARCH_PATHS = "$(inherited) @executable_path/Frameworks";
				PRODUCT_NAME = "$(TARGET_NAME)";
			};
			name = Debug;
		};
		C33B501B1A42708A00BA15E4 /* Release */ = {
			isa = XCBuildConfiguration;
			buildSettings = {
				ASSETCATALOG_COMPILER_APPICON_NAME = AppIcon;
				INFOPLIST_FILE = "Second Project/Info.plist";
				LD_RUNPATH_SEARCH_PATHS = "$(inherited) @executable_path/Frameworks";
				PRODUCT_NAME = "$(TARGET_NAME)";
			};
			name = Release;
		};
		C33B501D1A42708A00BA15E4 /* Debug */ = {
			isa = XCBuildConfiguration;
			buildSettings = {
				BUNDLE_LOADER = "$(TEST_HOST)";
				FRAMEWORK_SEARCH_PATHS = (
					"$(SDKROOT)/Developer/Library/Frameworks",
					"$(inherited)",
				);
				GCC_PREPROCESSOR_DEFINITIONS = (
					"DEBUG=1",
					"$(inherited)",
				);
				INFOPLIST_FILE = "Second ProjectTests/Info.plist";
				LD_RUNPATH_SEARCH_PATHS = "$(inherited) @executable_path/Frameworks @loader_path/Frameworks";
				PRODUCT_NAME = "$(TARGET_NAME)";
				TEST_HOST = "$(BUILT_PRODUCTS_DIR)/Second Project.app/Second Project";
			};
			name = Debug;
		};
		C33B501E1A42708A00BA15E4 /* Release */ = {
			isa = XCBuildConfiguration;
			buildSettings = {
				BUNDLE_LOADER = "$(TEST_HOST)";
				FRAMEWORK_SEARCH_PATHS = (
					"$(SDKROOT)/Developer/Library/Frameworks",
					"$(inherited)",
				);
				INFOPLIST_FILE = "Second ProjectTests/Info.plist";
				LD_RUNPATH_SEARCH_PATHS = "$(inherited) @executable_path/Frameworks @loader_path/Frameworks";
				PRODUCT_NAME = "$(TARGET_NAME)";
				TEST_HOST = "$(BUILT_PRODUCTS_DIR)/Second Project.app/Second Project";
			};
			name = Release;
		};
/* End XCBuildConfiguration section */

/* Begin XCConfigurationList section */
		C33B4FF51A42708A00BA15E4 /* Build configuration list for PBXProject "Second Project" */ = {
			isa = XCConfigurationList;
			buildConfigurations = (
				C33B50171A42708A00BA15E4 /* Debug */,
				C33B50181A42708A00BA15E4 /* Release */,
			);
			defaultConfigurationIsVisible = 0;
			defaultConfigurationName = Release;
		};
		C33B50191A42708A00BA15E4 /* Build configuration list for PBXNativeTarget "Second Project" */ = {
			isa = XCConfigurationList;
			buildConfigurations = (
				C33B501A1A42708A00BA15E4 /* Debug */,
				C33B501B1A42708A00BA15E4 /* Release */,
			);
			defaultConfigurationIsVisible = 0;
		};
		C33B501C1A42708A00BA15E4 /* Build configuration list for PBXNativeTarget "Second ProjectTests" */ = {
			isa = XCConfigurationList;
			buildConfigurations = (
				C33B501D1A42708A00BA15E4 /* Debug */,
				C33B501E1A42708A00BA15E4 /* Release */,
			);
			defaultConfigurationIsVisible = 0;
		};
/* End XCConfigurationList section */
	};
	rootObject = C33B4FF21A42708A00BA15E4 /* Project object */;
}
