// !$*UTF8*$!
{
	archiveVersion = 1;
	classes = {
	};
	objectVersion = 46;
	objects = {

/* Begin PBXBuildFile section */
		C35B557D1A49022D0040FFF2 /* AppDelegate.swift in Sources */ = {isa = PBXBuildFile; fileRef = C35B557C1A49022D0040FFF2 /* AppDelegate.swift */; };
		C35B557F1A49022D0040FFF2 /* ViewController.swift in Sources */ = {isa = PBXBuildFile; fileRef = C35B557E1A49022D0040FFF2 /* ViewController.swift */; };
		C35B55821A49022D0040FFF2 /* Main.storyboard in Resources */ = {isa = PBXBuildFile; fileRef = C35B55801A49022D0040FFF2 /* Main.storyboard */; };
		C35B55841A49022D0040FFF2 /* Images.xcassets in Resources */ = {isa = PBXBuildFile; fileRef = C35B55831A49022D0040FFF2 /* Images.xcassets */; };
		C35B55871A49022D0040FFF2 /* LaunchScreen.xib in Resources */ = {isa = PBXBuildFile; fileRef = C35B55851A49022D0040FFF2 /* LaunchScreen.xib */; };
		C35B55931A49022D0040FFF2 /* Week_1_AssignmentTests.swift in Sources */ = {isa = PBXBuildFile; fileRef = C35B55921A49022D0040FFF2 /* Week_1_AssignmentTests.swift */; };
/* End PBXBuildFile section */

/* Begin PBXContainerItemProxy section */
		C35B558D1A49022D0040FFF2 /* PBXContainerItemProxy */ = {
			isa = PBXContainerItemProxy;
			containerPortal = C35B556F1A49022D0040FFF2 /* Project object */;
			proxyType = 1;
			remoteGlobalIDString = C35B55761A49022D0040FFF2;
			remoteInfo = "Week 1 Assignment";
		};
/* End PBXContainerItemProxy section */

/* Begin PBXFileReference section */
		C35B55771A49022D0040FFF2 /* Week 1 Assignment.app */ = {isa = PBXFileReference; explicitFileType = wrapper.application; includeInIndex = 0; path = "Week 1 Assignment.app"; sourceTree = BUILT_PRODUCTS_DIR; };
		C35B557B1A49022D0040FFF2 /* Info.plist */ = {isa = PBXFileReference; lastKnownFileType = text.plist.xml; path = Info.plist; sourceTree = "<group>"; };
		C35B557C1A49022D0040FFF2 /* AppDelegate.swift */ = {isa = PBXFileReference; lastKnownFileType = sourcecode.swift; path = AppDelegate.swift; sourceTree = "<group>"; };
		C35B557E1A49022D0040FFF2 /* ViewController.swift */ = {isa = PBXFileReference; lastKnownFileType = sourcecode.swift; path = ViewController.swift; sourceTree = "<group>"; };
		C35B55811A49022D0040FFF2 /* Base */ = {isa = PBXFileReference; lastKnownFileType = file.storyboard; name = Base; path = Base.lproj/Main.storyboard; sourceTree = "<group>"; };
		C35B55831A49022D0040FFF2 /* Images.xcassets */ = {isa = PBXFileReference; lastKnownFileType = folder.assetcatalog; path = Images.xcassets; sourceTree = "<group>"; };
		C35B55861A49022D0040FFF2 /* Base */ = {isa = PBXFileReference; lastKnownFileType = file.xib; name = Base; path = Base.lproj/LaunchScreen.xib; sourceTree = "<group>"; };
		C35B558C1A49022D0040FFF2 /* Week 1 AssignmentTests.xctest */ = {isa = PBXFileReference; explicitFileType = wrapper.cfbundle; includeInIndex = 0; path = "Week 1 AssignmentTests.xctest"; sourceTree = BUILT_PRODUCTS_DIR; };
		C35B55911A49022D0040FFF2 /* Info.plist */ = {isa = PBXFileReference; lastKnownFileType = text.plist.xml; path = Info.plist; sourceTree = "<group>"; };
		C35B55921A49022D0040FFF2 /* Week_1_AssignmentTests.swift */ = {isa = PBXFileReference; lastKnownFileType = sourcecode.swift; path = Week_1_AssignmentTests.swift; sourceTree = "<group>"; };
/* End PBXFileReference section */

/* Begin PBXFrameworksBuildPhase section */
		C35B55741A49022D0040FFF2 /* Frameworks */ = {
			isa = PBXFrameworksBuildPhase;
			buildActionMask = 2147483647;
			files = (
			);
			runOnlyForDeploymentPostprocessing = 0;
		};
		C35B55891A49022D0040FFF2 /* Frameworks */ = {
			isa = PBXFrameworksBuildPhase;
			buildActionMask = 2147483647;
			files = (
			);
			runOnlyForDeploymentPostprocessing = 0;
		};
/* End PBXFrameworksBuildPhase section */

/* Begin PBXGroup section */
		C35B556E1A49022D0040FFF2 = {
			isa = PBXGroup;
			children = (
				C35B55791A49022D0040FFF2 /* Week 1 Assignment */,
				C35B558F1A49022D0040FFF2 /* Week 1 AssignmentTests */,
				C35B55781A49022D0040FFF2 /* Products */,
			);
			sourceTree = "<group>";
		};
		C35B55781A49022D0040FFF2 /* Products */ = {
			isa = PBXGroup;
			children = (
				C35B55771A49022D0040FFF2 /* Week 1 Assignment.app */,
				C35B558C1A49022D0040FFF2 /* Week 1 AssignmentTests.xctest */,
			);
			name = Products;
			sourceTree = "<group>";
		};
		C35B55791A49022D0040FFF2 /* Week 1 Assignment */ = {
			isa = PBXGroup;
			children = (
				C35B557C1A49022D0040FFF2 /* AppDelegate.swift */,
				C35B557E1A49022D0040FFF2 /* ViewController.swift */,
				C35B55801A49022D0040FFF2 /* Main.storyboard */,
				C35B55831A49022D0040FFF2 /* Images.xcassets */,
				C35B55851A49022D0040FFF2 /* LaunchScreen.xib */,
				C35B557A1A49022D0040FFF2 /* Supporting Files */,
			);
			path = "Week 1 Assignment";
			sourceTree = "<group>";
		};
		C35B557A1A49022D0040FFF2 /* Supporting Files */ = {
			isa = PBXGroup;
			children = (
				C35B557B1A49022D0040FFF2 /* Info.plist */,
			);
			name = "Supporting Files";
			sourceTree = "<group>";
		};
		C35B558F1A49022D0040FFF2 /* Week 1 AssignmentTests */ = {
			isa = PBXGroup;
			children = (
				C35B55921A49022D0040FFF2 /* Week_1_AssignmentTests.swift */,
				C35B55901A49022D0040FFF2 /* Supporting Files */,
			);
			path = "Week 1 AssignmentTests";
			sourceTree = "<group>";
		};
		C35B55901A49022D0040FFF2 /* Supporting Files */ = {
			isa = PBXGroup;
			children = (
				C35B55911A49022D0040FFF2 /* Info.plist */,
			);
			name = "Supporting Files";
			sourceTree = "<group>";
		};
/* End PBXGroup section */

/* Begin PBXNativeTarget section */
		C35B55761A49022D0040FFF2 /* Week 1 Assignment */ = {
			isa = PBXNativeTarget;
			buildConfigurationList = C35B55961A49022D0040FFF2 /* Build configuration list for PBXNativeTarget "Week 1 Assignment" */;
			buildPhases = (
				C35B55731A49022D0040FFF2 /* Sources */,
				C35B55741A49022D0040FFF2 /* Frameworks */,
				C35B55751A49022D0040FFF2 /* Resources */,
			);
			buildRules = (
			);
			dependencies = (
			);
			name = "Week 1 Assignment";
			productName = "Week 1 Assignment";
			productReference = C35B55771A49022D0040FFF2 /* Week 1 Assignment.app */;
			productType = "com.apple.product-type.application";
		};
		C35B558B1A49022D0040FFF2 /* Week 1 AssignmentTests */ = {
			isa = PBXNativeTarget;
			buildConfigurationList = C35B55991A49022D0040FFF2 /* Build configuration list for PBXNativeTarget "Week 1 AssignmentTests" */;
			buildPhases = (
				C35B55881A49022D0040FFF2 /* Sources */,
				C35B55891A49022D0040FFF2 /* Frameworks */,
				C35B558A1A49022D0040FFF2 /* Resources */,
			);
			buildRules = (
			);
			dependencies = (
				C35B558E1A49022D0040FFF2 /* PBXTargetDependency */,
			);
			name = "Week 1 AssignmentTests";
			productName = "Week 1 AssignmentTests";
			productReference = C35B558C1A49022D0040FFF2 /* Week 1 AssignmentTests.xctest */;
			productType = "com.apple.product-type.bundle.unit-test";
		};
/* End PBXNativeTarget section */

/* Begin PBXProject section */
		C35B556F1A49022D0040FFF2 /* Project object */ = {
			isa = PBXProject;
			attributes = {
				LastUpgradeCheck = 0610;
				ORGANIZATIONNAME = "Tim Gillons";
				TargetAttributes = {
					C35B55761A49022D0040FFF2 = {
						CreatedOnToolsVersion = 6.1.1;
					};
					C35B558B1A49022D0040FFF2 = {
						CreatedOnToolsVersion = 6.1.1;
						TestTargetID = C35B55761A49022D0040FFF2;
					};
				};
			};
			buildConfigurationList = C35B55721A49022D0040FFF2 /* Build configuration list for PBXProject "Week 1 Assignment" */;
			compatibilityVersion = "Xcode 3.2";
			developmentRegion = English;
			hasScannedForEncodings = 0;
			knownRegions = (
				en,
				Base,
			);
			mainGroup = C35B556E1A49022D0040FFF2;
			productRefGroup = C35B55781A49022D0040FFF2 /* Products */;
			projectDirPath = "";
			projectRoot = "";
			targets = (
				C35B55761A49022D0040FFF2 /* Week 1 Assignment */,
				C35B558B1A49022D0040FFF2 /* Week 1 AssignmentTests */,
			);
		};
/* End PBXProject section */

/* Begin PBXResourcesBuildPhase section */
		C35B55751A49022D0040FFF2 /* Resources */ = {
			isa = PBXResourcesBuildPhase;
			buildActionMask = 2147483647;
			files = (
				C35B55821A49022D0040FFF2 /* Main.storyboard in Resources */,
				C35B55871A49022D0040FFF2 /* LaunchScreen.xib in Resources */,
				C35B55841A49022D0040FFF2 /* Images.xcassets in Resources */,
			);
			runOnlyForDeploymentPostprocessing = 0;
		};
		C35B558A1A49022D0040FFF2 /* Resources */ = {
			isa = PBXResourcesBuildPhase;
			buildActionMask = 2147483647;
			files = (
			);
			runOnlyForDeploymentPostprocessing = 0;
		};
/* End PBXResourcesBuildPhase section */

/* Begin PBXSourcesBuildPhase section */
		C35B55731A49022D0040FFF2 /* Sources */ = {
			isa = PBXSourcesBuildPhase;
			buildActionMask = 2147483647;
			files = (
				C35B557F1A49022D0040FFF2 /* ViewController.swift in Sources */,
				C35B557D1A49022D0040FFF2 /* AppDelegate.swift in Sources */,
			);
			runOnlyForDeploymentPostprocessing = 0;
		};
		C35B55881A49022D0040FFF2 /* Sources */ = {
			isa = PBXSourcesBuildPhase;
			buildActionMask = 2147483647;
			files = (
				C35B55931A49022D0040FFF2 /* Week_1_AssignmentTests.swift in Sources */,
			);
			runOnlyForDeploymentPostprocessing = 0;
		};
/* End PBXSourcesBuildPhase section */

/* Begin PBXTargetDependency section */
		C35B558E1A49022D0040FFF2 /* PBXTargetDependency */ = {
			isa = PBXTargetDependency;
			target = C35B55761A49022D0040FFF2 /* Week 1 Assignment */;
			targetProxy = C35B558D1A49022D0040FFF2 /* PBXContainerItemProxy */;
		};
/* End PBXTargetDependency section */

/* Begin PBXVariantGroup section */
		C35B55801A49022D0040FFF2 /* Main.storyboard */ = {
			isa = PBXVariantGroup;
			children = (
				C35B55811A49022D0040FFF2 /* Base */,
			);
			name = Main.storyboard;
			sourceTree = "<group>";
		};
		C35B55851A49022D0040FFF2 /* LaunchScreen.xib */ = {
			isa = PBXVariantGroup;
			children = (
				C35B55861A49022D0040FFF2 /* Base */,
			);
			name = LaunchScreen.xib;
			sourceTree = "<group>";
		};
/* End PBXVariantGroup section */

/* Begin XCBuildConfiguration section */
		C35B55941A49022D0040FFF2 /* Debug */ = {
			isa = XCBuildConfiguration;
			buildSettings = {
				ALWAYS_SEARCH_USER_PATHS = NO;
				CLANG_CXX_LANGUAGE_STANDARD = "gnu++0x";
				CLANG_CXX_LIBRARY = "libc++";
				CLANG_ENABLE_MODULES = YES;
				CLANG_ENABLE_OBJC_ARC = YES;
				CLANG_WARN_BOOL_CONVERSION = YES;
				CLANG_WARN_CONSTANT_CONVERSION = YES;
				CLANG_WARN_DIRECT_OBJC_ISA_USAGE = YES_ERROR;
				CLANG_WARN_EMPTY_BODY = YES;
				CLANG_WARN_ENUM_CONVERSION = YES;
				CLANG_WARN_INT_CONVERSION = YES;
				CLANG_WARN_OBJC_ROOT_CLASS = YES_ERROR;
				CLANG_WARN_UNREACHABLE_CODE = YES;
				CLANG_WARN__DUPLICATE_METHOD_MATCH = YES;
				"CODE_SIGN_IDENTITY[sdk=iphoneos*]" = "iPhone Developer";
				COPY_PHASE_STRIP = NO;
				ENABLE_STRICT_OBJC_MSGSEND = YES;
				GCC_C_LANGUAGE_STANDARD = gnu99;
				GCC_DYNAMIC_NO_PIC = NO;
				GCC_OPTIMIZATION_LEVEL = 0;
				GCC_PREPROCESSOR_DEFINITIONS = (
					"DEBUG=1",
					"$(inherited)",
				);
				GCC_SYMBOLS_PRIVATE_EXTERN = NO;
				GCC_WARN_64_TO_32_BIT_CONVERSION = YES;
				GCC_WARN_ABOUT_RETURN_TYPE = YES_ERROR;
				GCC_WARN_UNDECLARED_SELECTOR = YES;
				GCC_WARN_UNINITIALIZED_AUTOS = YES_AGGRESSIVE;
				GCC_WARN_UNUSED_FUNCTION = YES;
				GCC_WARN_UNUSED_VARIABLE = YES;
				IPHONEOS_DEPLOYMENT_TARGET = 8.1;
				MTL_ENABLE_DEBUG_INFO = YES;
				ONLY_ACTIVE_ARCH = YES;
				SDKROOT = iphoneos;
				SWIFT_OPTIMIZATION_LEVEL = "-Onone";
			};
			name = Debug;
		};
		C35B55951A49022D0040FFF2 /* Release */ = {
			isa = XCBuildConfiguration;
			buildSettings = {
				ALWAYS_SEARCH_USER_PATHS = NO;
				CLANG_CXX_LANGUAGE_STANDARD = "gnu++0x";
				CLANG_CXX_LIBRARY = "libc++";
				CLANG_ENABLE_MODULES = YES;
				CLANG_ENABLE_OBJC_ARC = YES;
				CLANG_WARN_BOOL_CONVERSION = YES;
				CLANG_WARN_CONSTANT_CONVERSION = YES;
				CLANG_WARN_DIRECT_OBJC_ISA_USAGE = YES_ERROR;
				CLANG_WARN_EMPTY_BODY = YES;
				CLANG_WARN_ENUM_CONVERSION = YES;
				CLANG_WARN_INT_CONVERSION = YES;
				CLANG_WARN_OBJC_ROOT_CLASS = YES_ERROR;
				CLANG_WARN_UNREACHABLE_CODE = YES;
				CLANG_WARN__DUPLICATE_METHOD_MATCH = YES;
				"CODE_SIGN_IDENTITY[sdk=iphoneos*]" = "iPhone Developer";
				COPY_PHASE_STRIP = YES;
				ENABLE_NS_ASSERTIONS = NO;
				ENABLE_STRICT_OBJC_MSGSEND = YES;
				GCC_C_LANGUAGE_STANDARD = gnu99;
				GCC_WARN_64_TO_32_BIT_CONVERSION = YES;
				GCC_WARN_ABOUT_RETURN_TYPE = YES_ERROR;
				GCC_WARN_UNDECLARED_SELECTOR = YES;
				GCC_WARN_UNINITIALIZED_AUTOS = YES_AGGRESSIVE;
				GCC_WARN_UNUSED_FUNCTION = YES;
				GCC_WARN_UNUSED_VARIABLE = YES;
				IPHONEOS_DEPLOYMENT_TARGET = 8.1;
				MTL_ENABLE_DEBUG_INFO = NO;
				SDKROOT = iphoneos;
				VALIDATE_PRODUCT = YES;
			};
			name = Release;
		};
		C35B55971A49022D0040FFF2 /* Debug */ = {
			isa = XCBuildConfiguration;
			buildSettings = {
				ASSETCATALOG_COMPILER_APPICON_NAME = AppIcon;
				INFOPLIST_FILE = "Week 1 Assignment/Info.plist";
				LD_RUNPATH_SEARCH_PATHS = "$(inherited) @executable_path/Frameworks";
				PRODUCT_NAME = "$(TARGET_NAME)";
			};
			name = Debug;
		};
		C35B55981A49022D0040FFF2 /* Release */ = {
			isa = XCBuildConfiguration;
			buildSettings = {
				ASSETCATALOG_COMPILER_APPICON_NAME = AppIcon;
				INFOPLIST_FILE = "Week 1 Assignment/Info.plist";
				LD_RUNPATH_SEARCH_PATHS = "$(inherited) @executable_path/Frameworks";
				PRODUCT_NAME = "$(TARGET_NAME)";
			};
			name = Release;
		};
		C35B559A1A49022D0040FFF2 /* Debug */ = {
			isa = XCBuildConfiguration;
			buildSettings = {
				BUNDLE_LOADER = "$(TEST_HOST)";
				FRAMEWORK_SEARCH_PATHS = (
					"$(SDKROOT)/Developer/Library/Frameworks",
					"$(inherited)",
				);
				GCC_PREPROCESSOR_DEFINITIONS = (
					"DEBUG=1",
					"$(inherited)",
				);
				INFOPLIST_FILE = "Week 1 AssignmentTests/Info.plist";
				LD_RUNPATH_SEARCH_PATHS = "$(inherited) @executable_path/Frameworks @loader_path/Frameworks";
				PRODUCT_NAME = "$(TARGET_NAME)";
				TEST_HOST = "$(BUILT_PRODUCTS_DIR)/Week 1 Assignment.app/Week 1 Assignment";
			};
			name = Debug;
		};
		C35B559B1A49022D0040FFF2 /* Release */ = {
			isa = XCBuildConfiguration;
			buildSettings = {
				BUNDLE_LOADER = "$(TEST_HOST)";
				FRAMEWORK_SEARCH_PATHS = (
					"$(SDKROOT)/Developer/Library/Frameworks",
					"$(inherited)",
				);
				INFOPLIST_FILE = "Week 1 AssignmentTests/Info.plist";
				LD_RUNPATH_SEARCH_PATHS = "$(inherited) @executable_path/Frameworks @loader_path/Frameworks";
				PRODUCT_NAME = "$(TARGET_NAME)";
				TEST_HOST = "$(BUILT_PRODUCTS_DIR)/Week 1 Assignment.app/Week 1 Assignment";
			};
			name = Release;
		};
/* End XCBuildConfiguration section */

/* Begin XCConfigurationList section */
		C35B55721A49022D0040FFF2 /* Build configuration list for PBXProject "Week 1 Assignment" */ = {
			isa = XCConfigurationList;
			buildConfigurations = (
				C35B55941A49022D0040FFF2 /* Debug */,
				C35B55951A49022D0040FFF2 /* Release */,
			);
			defaultConfigurationIsVisible = 0;
			defaultConfigurationName = Release;
		};
		C35B55961A49022D0040FFF2 /* Build configuration list for PBXNativeTarget "Week 1 Assignment" */ = {
			isa = XCConfigurationList;
			buildConfigurations = (
				C35B55971A49022D0040FFF2 /* Debug */,
				C35B55981A49022D0040FFF2 /* Release */,
			);
			defaultConfigurationIsVisible = 0;
		};
		C35B55991A49022D0040FFF2 /* Build configuration list for PBXNativeTarget "Week 1 AssignmentTests" */ = {
			isa = XCConfigurationList;
			buildConfigurations = (
				C35B559A1A49022D0040FFF2 /* Debug */,
				C35B559B1A49022D0040FFF2 /* Release */,
			);
			defaultConfigurationIsVisible = 0;
		};
/* End XCConfigurationList section */
	};
	rootObject = C35B556F1A49022D0040FFF2 /* Project object */;
}
